
Microsoft Visual Studio Solution File, Format Version 12.00
# Visual Studio Version 16
VisualStudioVersion = 16.0.31005.135
MinimumVisualStudioVersion = 10.0.40219.1
Project("{2150E333-8FDC-42A3-9474-1A3956D46DE8}") = "Application Business Rules", "Application Business Rules", "{EDA6B838-9866-431A-8158-6BA3E7597956}"
EndProject
Project("{9A19103F-16F7-4668-BE54-9A1E7A4F7556}") = "NorthWind.Sales.Entities", "NorthWind.Sales.Entities\NorthWind.Sales.Entities.csproj", "{ECBC6B0C-5993-484B-9667-D293B19EC964}"
EndProject
Project("{9A19103F-16F7-4668-BE54-9A1E7A4F7556}") = "NorthWind.Sales.DTOs", "NorthWind.Sales.DTOs\NorthWind.Sales.DTOs.csproj", "{CA84B645-C492-40FD-890F-A8221210725A}"
EndProject
Project("{9A19103F-16F7-4668-BE54-9A1E7A4F7556}") = "NorthWind.Sales.UseCasesPorts", "NorthWind.Sales.UseCasesPorts\NorthWind.Sales.UseCasesPorts.csproj", "{DFE5F0BB-DA3E-407A-972E-2D9B59CEC8E8}"
EndProject
Project("{9A19103F-16F7-4668-BE54-9A1E7A4F7556}") = "NorthWind.Sales.Events", "NorthWind.Sales.Events\NorthWind.Sales.Events.csproj", "{B6A868B4-D27D-4391-B230-8811F4166D85}"
EndProject
Project("{9A19103F-16F7-4668-BE54-9A1E7A4F7556}") = "NorthWind.Sales.UseCases", "NorthWind.Sales.UseCases\NorthWind.Sales.UseCases.csproj", "{CB04E655-59C7-40A9-9751-15461A4D53C5}"
EndProject
Project("{2150E333-8FDC-42A3-9474-1A3956D46DE8}") = "Interface Adapter", "Interface Adapter", "{3B7D384A-C748-47CC-83EB-9A8FF09AFB6D}"
EndProject
Project("{2150E333-8FDC-42A3-9474-1A3956D46DE8}") = "Gateways", "Gateways", "{18834131-6A01-43C8-A4F9-BAD3AE2215B5}"
EndProject
Project("{2150E333-8FDC-42A3-9474-1A3956D46DE8}") = "Repositories", "Repositories", "{91118FE6-4BE4-4D5F-8328-94AC2392B53A}"
EndProject
Project("{9A19103F-16F7-4668-BE54-9A1E7A4F7556}") = "NorthWind.Sales.EFCore.DataContext", "NorthWind.Sales.EFCore.DataContext\NorthWind.Sales.EFCore.DataContext.csproj", "{0A3605FD-CB91-4764-BFBA-DA301A98F3B2}"
EndProject
Project("{2150E333-8FDC-42A3-9474-1A3956D46DE8}") = "Enterprise Business Rules", "Enterprise Business Rules", "{47BB2A4E-5F9E-418A-9806-B8826AAE9C8C}"
EndProject
Project("{9A19103F-16F7-4668-BE54-9A1E7A4F7556}") = "NorthWind.Entities", "NorthWind.Entities\NorthWind.Entities.csproj", "{16A5F061-D825-472A-8C74-1B421AC0253F}"
EndProject
Project("{9A19103F-16F7-4668-BE54-9A1E7A4F7556}") = "NorthWind.Sales.EFCore.Repositories", "NorthWind.Sales.EFCore.Repositories\NorthWind.Sales.EFCore.Repositories.csproj", "{DA932353-3EE6-4721-A9B1-378050A5575F}"
EndProject
Project("{9A19103F-16F7-4668-BE54-9A1E7A4F7556}") = "NorthWind.Sales.Repositories.IoC", "NorthWind.Sales.Repositories.IoC\NorthWind.Sales.Repositories.IoC.csproj", "{DB991CFD-69C2-4860-AF0A-9174D452D1B2}"
EndProject
Project("{9A19103F-16F7-4668-BE54-9A1E7A4F7556}") = "NorthWind.Sales.Mail", "NorthWind.Sales.Mail\NorthWind.Sales.Mail.csproj", "{1103FED9-9704-47DD-8F7B-06A2E5CFAEB0}"
EndProject
Project("{9A19103F-16F7-4668-BE54-9A1E7A4F7556}") = "NorthWind.Sales.Loggers", "NorthWind.Sales.Loggers\NorthWind.Sales.Loggers.csproj", "{FDBB669D-4216-4FB3-865C-28AB7CC418D9}"
EndProject
Project("{2150E333-8FDC-42A3-9474-1A3956D46DE8}") = "Presenters", "Presenters", "{193D07C3-1EA9-4C37-AFEB-5DEF9354BE76}"
EndProject
Project("{9A19103F-16F7-4668-BE54-9A1E7A4F7556}") = "NorthWind.Sales.WebExceptionPresenters", "NorthWind.Sales.WebExceptionPresenters\NorthWind.Sales.WebExceptionPresenters.csproj", "{09499F4F-74BA-4F92-B9D3-F4AA38A4DB9F}"
EndProject
Project("{2150E333-8FDC-42A3-9474-1A3956D46DE8}") = "ViewModels", "ViewModels", "{9C0126FA-3B73-4FEE-80A3-CC8283AF03AD}"
EndProject
Project("{9A19103F-16F7-4668-BE54-9A1E7A4F7556}") = "NorthWind.Sales.ViewModels", "NorthWind.Sales.ViewModels\NorthWind.Sales.ViewModels.csproj", "{4CC5CF2F-CF53-4739-9D75-9CAC47D24192}"
EndProject
Project("{9A19103F-16F7-4668-BE54-9A1E7A4F7556}") = "NorthWind.Sales.Presenters", "NorthWind.Sales.Presenters\NorthWind.Sales.Presenters.csproj", "{E96323B1-6A6B-4478-9457-8A8E36D7FF4B}"
EndProject
Project("{2150E333-8FDC-42A3-9474-1A3956D46DE8}") = "Views", "Views", "{178889EC-B223-4D31-8294-2FD5900D7809}"
EndProject
Project("{9A19103F-16F7-4668-BE54-9A1E7A4F7556}") = "NorthWind.Sales.Console.Views", "NorthWind.Sales.Console.Views\NorthWind.Sales.Console.Views.csproj", "{93785934-50F2-4B41-A781-202E052510E1}"
EndProject
Project("{2150E333-8FDC-42A3-9474-1A3956D46DE8}") = "Controllers", "Controllers", "{2A0F982F-8925-42D9-B96F-2FE57D00DF64}"
EndProject
Project("{9A19103F-16F7-4668-BE54-9A1E7A4F7556}") = "NorthWind.Sales.Controllers", "NorthWind.Sales.Controllers\NorthWind.Sales.Controllers.csproj", "{C08127F6-7C36-4499-9B7E-807529E4AADF}"
EndProject
Project("{9A19103F-16F7-4668-BE54-9A1E7A4F7556}") = "NorthWind.Sales.WebApiControllers", "NorthWind.Sales.WebApiControllers\NorthWind.Sales.WebApiControllers.csproj", "{6973CD51-1E7E-4C17-B964-125634EE83A4}"
EndProject
Project("{9A19103F-16F7-4668-BE54-9A1E7A4F7556}") = "NorthWind.Sales.ConsoleControllers", "NorthWind.Sales.ConsoleControllers\NorthWind.Sales.ConsoleControllers.csproj", "{C0CBF401-5C7B-441C-8466-0EB8F7447280}"
EndProject
Project("{2150E333-8FDC-42A3-9474-1A3956D46DE8}") = "Framework And Drivers", "Framework And Drivers", "{D33B8BBC-52C2-4147-B3F7-72BE9D92B2C0}"
EndProject
Project("{2150E333-8FDC-42A3-9474-1A3956D46DE8}") = "UIs", "UIs", "{24CF513D-D8C7-4CC3-BD7B-405E141461FD}"
EndProject
Project("{9A19103F-16F7-4668-BE54-9A1E7A4F7556}") = "NorthWind.Sales.WebApi", "NorthWind.Sales.WebApi\NorthWind.Sales.WebApi.csproj", "{5C41249F-371B-4BDE-AEFD-38CEC10FB951}"
EndProject
Project("{FAE04EC0-301F-11D3-BF4B-00C04F79EFBC}") = "NorthWind.Sales.ConsoleClient", "NorthWind.Sales.ConsoleClient\NorthWind.Sales.ConsoleClient.csproj", "{AA8A6B7A-2843-451A-9E1D-9DE037789691}"
EndProject
Project("{FAE04EC0-301F-11D3-BF4B-00C04F79EFBC}") = "NorthWind.Sales.BlazorClient", "NorthWind.Sales.BlazorClient\NorthWind.Sales.BlazorClient.csproj", "{A14ACB22-EBCB-4547-A18E-B78DD44320CB}"
EndProject
Global
	GlobalSection(SolutionConfigurationPlatforms) = preSolution
		Debug|Any CPU = Debug|Any CPU
		Release|Any CPU = Release|Any CPU
	EndGlobalSection
	GlobalSection(ProjectConfigurationPlatforms) = postSolution
		{ECBC6B0C-5993-484B-9667-D293B19EC964}.Debug|Any CPU.ActiveCfg = Debug|Any CPU
		{ECBC6B0C-5993-484B-9667-D293B19EC964}.Debug|Any CPU.Build.0 = Debug|Any CPU
		{ECBC6B0C-5993-484B-9667-D293B19EC964}.Release|Any CPU.ActiveCfg = Release|Any CPU
		{ECBC6B0C-5993-484B-9667-D293B19EC964}.Release|Any CPU.Build.0 = Release|Any CPU
		{CA84B645-C492-40FD-890F-A8221210725A}.Debug|Any CPU.ActiveCfg = Debug|Any CPU
		{CA84B645-C492-40FD-890F-A8221210725A}.Debug|Any CPU.Build.0 = Debug|Any CPU
		{CA84B645-C492-40FD-890F-A8221210725A}.Release|Any CPU.ActiveCfg = Release|Any CPU
		{CA84B645-C492-40FD-890F-A8221210725A}.Release|Any CPU.Build.0 = Release|Any CPU
		{DFE5F0BB-DA3E-407A-972E-2D9B59CEC8E8}.Debug|Any CPU.ActiveCfg = Debug|Any CPU
		{DFE5F0BB-DA3E-407A-972E-2D9B59CEC8E8}.Debug|Any CPU.Build.0 = Debug|Any CPU
		{DFE5F0BB-DA3E-407A-972E-2D9B59CEC8E8}.Release|Any CPU.ActiveCfg = Release|Any CPU
		{DFE5F0BB-DA3E-407A-972E-2D9B59CEC8E8}.Release|Any CPU.Build.0 = Release|Any CPU
		{B6A868B4-D27D-4391-B230-8811F4166D85}.Debug|Any CPU.ActiveCfg = Debug|Any CPU
		{B6A868B4-D27D-4391-B230-8811F4166D85}.Debug|Any CPU.Build.0 = Debug|Any CPU
		{B6A868B4-D27D-4391-B230-8811F4166D85}.Release|Any CPU.ActiveCfg = Release|Any CPU
		{B6A868B4-D27D-4391-B230-8811F4166D85}.Release|Any CPU.Build.0 = Release|Any CPU
		{CB04E655-59C7-40A9-9751-15461A4D53C5}.Debug|Any CPU.ActiveCfg = Debug|Any CPU
		{CB04E655-59C7-40A9-9751-15461A4D53C5}.Debug|Any CPU.Build.0 = Debug|Any CPU
		{CB04E655-59C7-40A9-9751-15461A4D53C5}.Release|Any CPU.ActiveCfg = Release|Any CPU
		{CB04E655-59C7-40A9-9751-15461A4D53C5}.Release|Any CPU.Build.0 = Release|Any CPU
		{0A3605FD-CB91-4764-BFBA-DA301A98F3B2}.Debug|Any CPU.ActiveCfg = Debug|Any CPU
		{0A3605FD-CB91-4764-BFBA-DA301A98F3B2}.Debug|Any CPU.Build.0 = Debug|Any CPU
		{0A3605FD-CB91-4764-BFBA-DA301A98F3B2}.Release|Any CPU.ActiveCfg = Release|Any CPU
		{0A3605FD-CB91-4764-BFBA-DA301A98F3B2}.Release|Any CPU.Build.0 = Release|Any CPU
		{16A5F061-D825-472A-8C74-1B421AC0253F}.Debug|Any CPU.ActiveCfg = Debug|Any CPU
		{16A5F061-D825-472A-8C74-1B421AC0253F}.Debug|Any CPU.Build.0 = Debug|Any CPU
		{16A5F061-D825-472A-8C74-1B421AC0253F}.Release|Any CPU.ActiveCfg = Release|Any CPU
		{16A5F061-D825-472A-8C74-1B421AC0253F}.Release|Any CPU.Build.0 = Release|Any CPU
		{DA932353-3EE6-4721-A9B1-378050A5575F}.Debug|Any CPU.ActiveCfg = Debug|Any CPU
		{DA932353-3EE6-4721-A9B1-378050A5575F}.Debug|Any CPU.Build.0 = Debug|Any CPU
		{DA932353-3EE6-4721-A9B1-378050A5575F}.Release|Any CPU.ActiveCfg = Release|Any CPU
		{DA932353-3EE6-4721-A9B1-378050A5575F}.Release|Any CPU.Build.0 = Release|Any CPU
		{DB991CFD-69C2-4860-AF0A-9174D452D1B2}.Debug|Any CPU.ActiveCfg = Debug|Any CPU
		{DB991CFD-69C2-4860-AF0A-9174D452D1B2}.Debug|Any CPU.Build.0 = Debug|Any CPU
		{DB991CFD-69C2-4860-AF0A-9174D452D1B2}.Release|Any CPU.ActiveCfg = Release|Any CPU
		{DB991CFD-69C2-4860-AF0A-9174D452D1B2}.Release|Any CPU.Build.0 = Release|Any CPU
		{1103FED9-9704-47DD-8F7B-06A2E5CFAEB0}.Debug|Any CPU.ActiveCfg = Debug|Any CPU
		{1103FED9-9704-47DD-8F7B-06A2E5CFAEB0}.Debug|Any CPU.Build.0 = Debug|Any CPU
		{1103FED9-9704-47DD-8F7B-06A2E5CFAEB0}.Release|Any CPU.ActiveCfg = Release|Any CPU
		{1103FED9-9704-47DD-8F7B-06A2E5CFAEB0}.Release|Any CPU.Build.0 = Release|Any CPU
		{FDBB669D-4216-4FB3-865C-28AB7CC418D9}.Debug|Any CPU.ActiveCfg = Debug|Any CPU
		{FDBB669D-4216-4FB3-865C-28AB7CC418D9}.Debug|Any CPU.Build.0 = Debug|Any CPU
		{FDBB669D-4216-4FB3-865C-28AB7CC418D9}.Release|Any CPU.ActiveCfg = Release|Any CPU
		{FDBB669D-4216-4FB3-865C-28AB7CC418D9}.Release|Any CPU.Build.0 = Release|Any CPU
		{09499F4F-74BA-4F92-B9D3-F4AA38A4DB9F}.Debug|Any CPU.ActiveCfg = Debug|Any CPU
		{09499F4F-74BA-4F92-B9D3-F4AA38A4DB9F}.Debug|Any CPU.Build.0 = Debug|Any CPU
		{09499F4F-74BA-4F92-B9D3-F4AA38A4DB9F}.Release|Any CPU.ActiveCfg = Release|Any CPU
		{09499F4F-74BA-4F92-B9D3-F4AA38A4DB9F}.Release|Any CPU.Build.0 = Release|Any CPU
		{4CC5CF2F-CF53-4739-9D75-9CAC47D24192}.Debug|Any CPU.ActiveCfg = Debug|Any CPU
		{4CC5CF2F-CF53-4739-9D75-9CAC47D24192}.Debug|Any CPU.Build.0 = Debug|Any CPU
		{4CC5CF2F-CF53-4739-9D75-9CAC47D24192}.Release|Any CPU.ActiveCfg = Release|Any CPU
		{4CC5CF2F-CF53-4739-9D75-9CAC47D24192}.Release|Any CPU.Build.0 = Release|Any CPU
		{E96323B1-6A6B-4478-9457-8A8E36D7FF4B}.Debug|Any CPU.ActiveCfg = Debug|Any CPU
		{E96323B1-6A6B-4478-9457-8A8E36D7FF4B}.Debug|Any CPU.Build.0 = Debug|Any CPU
		{E96323B1-6A6B-4478-9457-8A8E36D7FF4B}.Release|Any CPU.ActiveCfg = Release|Any CPU
		{E96323B1-6A6B-4478-9457-8A8E36D7FF4B}.Release|Any CPU.Build.0 = Release|Any CPU
		{93785934-50F2-4B41-A781-202E052510E1}.Debug|Any CPU.ActiveCfg = Debug|Any CPU
		{93785934-50F2-4B41-A781-202E052510E1}.Debug|Any CPU.Build.0 = Debug|Any CPU
		{93785934-50F2-4B41-A781-202E052510E1}.Release|Any CPU.ActiveCfg = Release|Any CPU
		{93785934-50F2-4B41-A781-202E052510E1}.Release|Any CPU.Build.0 = Release|Any CPU
		{C08127F6-7C36-4499-9B7E-807529E4AADF}.Debug|Any CPU.ActiveCfg = Debug|Any CPU
		{C08127F6-7C36-4499-9B7E-807529E4AADF}.Debug|Any CPU.Build.0 = Debug|Any CPU
		{C08127F6-7C36-4499-9B7E-807529E4AADF}.Release|Any CPU.ActiveCfg = Release|Any CPU
		{C08127F6-7C36-4499-9B7E-807529E4AADF}.Release|Any CPU.Build.0 = Release|Any CPU
		{6973CD51-1E7E-4C17-B964-125634EE83A4}.Debug|Any CPU.ActiveCfg = Debug|Any CPU
		{6973CD51-1E7E-4C17-B964-125634EE83A4}.Debug|Any CPU.Build.0 = Debug|Any CPU
		{6973CD51-1E7E-4C17-B964-125634EE83A4}.Release|Any CPU.ActiveCfg = Release|Any CPU
		{6973CD51-1E7E-4C17-B964-125634EE83A4}.Release|Any CPU.Build.0 = Release|Any CPU
		{C0CBF401-5C7B-441C-8466-0EB8F7447280}.Debug|Any CPU.ActiveCfg = Debug|Any CPU
		{C0CBF401-5C7B-441C-8466-0EB8F7447280}.Debug|Any CPU.Build.0 = Debug|Any CPU
		{C0CBF401-5C7B-441C-8466-0EB8F7447280}.Release|Any CPU.ActiveCfg = Release|Any CPU
		{C0CBF401-5C7B-441C-8466-0EB8F7447280}.Release|Any CPU.Build.0 = Release|Any CPU
		{5C41249F-371B-4BDE-AEFD-38CEC10FB951}.Debug|Any CPU.ActiveCfg = Debug|Any CPU
		{5C41249F-371B-4BDE-AEFD-38CEC10FB951}.Debug|Any CPU.Build.0 = Debug|Any CPU
		{5C41249F-371B-4BDE-AEFD-38CEC10FB951}.Release|Any CPU.ActiveCfg = Release|Any CPU
		{5C41249F-371B-4BDE-AEFD-38CEC10FB951}.Release|Any CPU.Build.0 = Release|Any CPU
		{AA8A6B7A-2843-451A-9E1D-9DE037789691}.Debug|Any CPU.ActiveCfg = Debug|Any CPU
		{AA8A6B7A-2843-451A-9E1D-9DE037789691}.Debug|Any CPU.Build.0 = Debug|Any CPU
		{AA8A6B7A-2843-451A-9E1D-9DE037789691}.Release|Any CPU.ActiveCfg = Release|Any CPU
		{AA8A6B7A-2843-451A-9E1D-9DE037789691}.Release|Any CPU.Build.0 = Release|Any CPU
		{A14ACB22-EBCB-4547-A18E-B78DD44320CB}.Debug|Any CPU.ActiveCfg = Debug|Any CPU
		{A14ACB22-EBCB-4547-A18E-B78DD44320CB}.Debug|Any CPU.Build.0 = Debug|Any CPU
		{A14ACB22-EBCB-4547-A18E-B78DD44320CB}.Release|Any CPU.ActiveCfg = Release|Any CPU
		{A14ACB22-EBCB-4547-A18E-B78DD44320CB}.Release|Any CPU.Build.0 = Release|Any CPU
	EndGlobalSection
	GlobalSection(SolutionProperties) = preSolution
		HideSolutionNode = FALSE
	EndGlobalSection
	GlobalSection(NestedProjects) = preSolution
		{ECBC6B0C-5993-484B-9667-D293B19EC964} = {EDA6B838-9866-431A-8158-6BA3E7597956}
		{CA84B645-C492-40FD-890F-A8221210725A} = {EDA6B838-9866-431A-8158-6BA3E7597956}
		{DFE5F0BB-DA3E-407A-972E-2D9B59CEC8E8} = {EDA6B838-9866-431A-8158-6BA3E7597956}
		{B6A868B4-D27D-4391-B230-8811F4166D85} = {EDA6B838-9866-431A-8158-6BA3E7597956}
		{CB04E655-59C7-40A9-9751-15461A4D53C5} = {EDA6B838-9866-431A-8158-6BA3E7597956}
		{18834131-6A01-43C8-A4F9-BAD3AE2215B5} = {3B7D384A-C748-47CC-83EB-9A8FF09AFB6D}
		{91118FE6-4BE4-4D5F-8328-94AC2392B53A} = {18834131-6A01-43C8-A4F9-BAD3AE2215B5}
		{0A3605FD-CB91-4764-BFBA-DA301A98F3B2} = {91118FE6-4BE4-4D5F-8328-94AC2392B53A}
		{16A5F061-D825-472A-8C74-1B421AC0253F} = {47BB2A4E-5F9E-418A-9806-B8826AAE9C8C}
		{DA932353-3EE6-4721-A9B1-378050A5575F} = {91118FE6-4BE4-4D5F-8328-94AC2392B53A}
		{DB991CFD-69C2-4860-AF0A-9174D452D1B2} = {91118FE6-4BE4-4D5F-8328-94AC2392B53A}
		{1103FED9-9704-47DD-8F7B-06A2E5CFAEB0} = {18834131-6A01-43C8-A4F9-BAD3AE2215B5}
		{FDBB669D-4216-4FB3-865C-28AB7CC418D9} = {18834131-6A01-43C8-A4F9-BAD3AE2215B5}
		{193D07C3-1EA9-4C37-AFEB-5DEF9354BE76} = {3B7D384A-C748-47CC-83EB-9A8FF09AFB6D}
		{09499F4F-74BA-4F92-B9D3-F4AA38A4DB9F} = {193D07C3-1EA9-4C37-AFEB-5DEF9354BE76}
		{9C0126FA-3B73-4FEE-80A3-CC8283AF03AD} = {3B7D384A-C748-47CC-83EB-9A8FF09AFB6D}
		{4CC5CF2F-CF53-4739-9D75-9CAC47D24192} = {9C0126FA-3B73-4FEE-80A3-CC8283AF03AD}
		{E96323B1-6A6B-4478-9457-8A8E36D7FF4B} = {193D07C3-1EA9-4C37-AFEB-5DEF9354BE76}
		{178889EC-B223-4D31-8294-2FD5900D7809} = {3B7D384A-C748-47CC-83EB-9A8FF09AFB6D}
		{93785934-50F2-4B41-A781-202E052510E1} = {178889EC-B223-4D31-8294-2FD5900D7809}
		{2A0F982F-8925-42D9-B96F-2FE57D00DF64} = {3B7D384A-C748-47CC-83EB-9A8FF09AFB6D}
		{C08127F6-7C36-4499-9B7E-807529E4AADF} = {2A0F982F-8925-42D9-B96F-2FE57D00DF64}
		{6973CD51-1E7E-4C17-B964-125634EE83A4} = {2A0F982F-8925-42D9-B96F-2FE57D00DF64}
		{C0CBF401-5C7B-441C-8466-0EB8F7447280} = {2A0F982F-8925-42D9-B96F-2FE57D00DF64}
		{24CF513D-D8C7-4CC3-BD7B-405E141461FD} = {D33B8BBC-52C2-4147-B3F7-72BE9D92B2C0}
		{5C41249F-371B-4BDE-AEFD-38CEC10FB951} = {24CF513D-D8C7-4CC3-BD7B-405E141461FD}
		{AA8A6B7A-2843-451A-9E1D-9DE037789691} = {24CF513D-D8C7-4CC3-BD7B-405E141461FD}
		{A14ACB22-EBCB-4547-A18E-B78DD44320CB} = {24CF513D-D8C7-4CC3-BD7B-405E141461FD}
	EndGlobalSection
	GlobalSection(ExtensibilityGlobals) = postSolution
		SolutionGuid = {5DEC342D-C4A1-48C2-8866-82992BB2232D}
	EndGlobalSection
EndGlobal
